
Microsoft Visual Studio Solution File, Format Version 12.00
# Visual Studio 2012
Project("{FAE04EC0-301F-11D3-BF4B-00C04F79EFBC}") = "01关于问题", "01关于问题\01关于问题.csproj", "{C2ECB4DE-7C3B-4FC5-A00B-019331051F79}"
EndProject
Project("{FAE04EC0-301F-11D3-BF4B-00C04F79EFBC}") = "02委托变量作为参数使用", "02委托变量作为参数使用\02委托变量作为参数使用.csproj", "{0992E73C-AD7D-402B-8D00-D194AC751135}"
EndProject
Project("{FAE04EC0-301F-11D3-BF4B-00C04F79EFBC}") = "03", "03\03.csproj", "{37F4C7C0-99E2-497F-A09E-83662A23EFBE}"
EndProject
Project("{FAE04EC0-301F-11D3-BF4B-00C04F79EFBC}") = "03委托计算器", "03委托计算器\03委托计算器.csproj", "{8A2E6182-8D9D-40BE-9335-FEA0D615A0A8}"
EndProject
Project("{FAE04EC0-301F-11D3-BF4B-00C04F79EFBC}") = "04匿名方法", "04匿名方法\04匿名方法.csproj", "{F93E4588-82A5-467F-84CC-885DE0B8AE91}"
EndProject
Project("{FAE04EC0-301F-11D3-BF4B-00C04F79EFBC}") = "05利用Lambda实现集合的查找", "05利用Lambda实现集合的查找\05利用Lambda实现集合的查找.csproj", "{C0C8717E-09AD-4A2B-B84B-752297E93F52}"
EndProject
Project("{FAE04EC0-301F-11D3-BF4B-00C04F79EFBC}") = "06多播委托", "06多播委托\06多播委托.csproj", "{F70A8963-22E9-4C46-B93A-1A15775BE12C}"
EndProject
Project("{FAE04EC0-301F-11D3-BF4B-00C04F79EFBC}") = "07系统自带的泛型委托", "07系统自带的泛型委托\07系统自带的泛型委托.csproj", "{69009C57-6BDA-4603-82B6-5DE2477EA21D}"
EndProject
Project("{FAE04EC0-301F-11D3-BF4B-00C04F79EFBC}") = "08事件", "08事件\08事件.csproj", "{F8F4241B-1196-40A5-AD61-ADE636D2A947}"
EndProject
Project("{FAE04EC0-301F-11D3-BF4B-00C04F79EFBC}") = "09事件的本质", "09事件的本质\09事件的本质.csproj", "{A8BFCBB7-0A7B-4A1A-B3A6-8A69D26E6751}"
EndProject
Project("{FAE04EC0-301F-11D3-BF4B-00C04F79EFBC}") = "10窗体传值", "10窗体传值\10窗体传值.csproj", "{4211A1BB-9917-4325-8F51-157FC084DE1F}"
EndProject
Project("{FAE04EC0-301F-11D3-BF4B-00C04F79EFBC}") = "11反射", "11反射\11反射.csproj", "{0F3CC349-7F65-47EB-8356-EFA9E3342003}"
EndProject
Project("{FAE04EC0-301F-11D3-BF4B-00C04F79EFBC}") = "11反射2", "11反射2\11反射2.csproj", "{C4ED9B78-7CAB-4B23-9734-1FECE8F286BA}"
EndProject
Project("{FAE04EC0-301F-11D3-BF4B-00C04F79EFBC}") = "12使用反射获得类型数据", "12使用反射获得类型数据\12使用反射获得类型数据.csproj", "{6FEE3223-867C-4D12-8F5C-D5AE08E5EC94}"
EndProject
Project("{FAE04EC0-301F-11D3-BF4B-00C04F79EFBC}") = "1", "1\1.csproj", "{D1C12F32-C258-4B92-9DF3-CA2C2DF82231}"
EndProject
Project("{FAE04EC0-301F-11D3-BF4B-00C04F79EFBC}") = "使用反射", "使用反射\使用反射.csproj", "{1C76990B-DF10-4566-8376-AEFF545500C6}"
EndProject
Global
	GlobalSection(SolutionConfigurationPlatforms) = preSolution
		Debug|Any CPU = Debug|Any CPU
		Release|Any CPU = Release|Any CPU
	EndGlobalSection
	GlobalSection(ProjectConfigurationPlatforms) = postSolution
		{C2ECB4DE-7C3B-4FC5-A00B-019331051F79}.Debug|Any CPU.ActiveCfg = Debug|Any CPU
		{C2ECB4DE-7C3B-4FC5-A00B-019331051F79}.Debug|Any CPU.Build.0 = Debug|Any CPU
		{C2ECB4DE-7C3B-4FC5-A00B-019331051F79}.Release|Any CPU.ActiveCfg = Release|Any CPU
		{C2ECB4DE-7C3B-4FC5-A00B-019331051F79}.Release|Any CPU.Build.0 = Release|Any CPU
		{0992E73C-AD7D-402B-8D00-D194AC751135}.Debug|Any CPU.ActiveCfg = Debug|Any CPU
		{0992E73C-AD7D-402B-8D00-D194AC751135}.Debug|Any CPU.Build.0 = Debug|Any CPU
		{0992E73C-AD7D-402B-8D00-D194AC751135}.Release|Any CPU.ActiveCfg = Release|Any CPU
		{0992E73C-AD7D-402B-8D00-D194AC751135}.Release|Any CPU.Build.0 = Release|Any CPU
		{37F4C7C0-99E2-497F-A09E-83662A23EFBE}.Debug|Any CPU.ActiveCfg = Debug|Any CPU
		{37F4C7C0-99E2-497F-A09E-83662A23EFBE}.Debug|Any CPU.Build.0 = Debug|Any CPU
		{37F4C7C0-99E2-497F-A09E-83662A23EFBE}.Release|Any CPU.ActiveCfg = Release|Any CPU
		{37F4C7C0-99E2-497F-A09E-83662A23EFBE}.Release|Any CPU.Build.0 = Release|Any CPU
		{8A2E6182-8D9D-40BE-9335-FEA0D615A0A8}.Debug|Any CPU.ActiveCfg = Debug|Any CPU
		{8A2E6182-8D9D-40BE-9335-FEA0D615A0A8}.Debug|Any CPU.Build.0 = Debug|Any CPU
		{8A2E6182-8D9D-40BE-9335-FEA0D615A0A8}.Release|Any CPU.ActiveCfg = Release|Any CPU
		{8A2E6182-8D9D-40BE-9335-FEA0D615A0A8}.Release|Any CPU.Build.0 = Release|Any CPU
		{F93E4588-82A5-467F-84CC-885DE0B8AE91}.Debug|Any CPU.ActiveCfg = Debug|Any CPU
		{F93E4588-82A5-467F-84CC-885DE0B8AE91}.Debug|Any CPU.Build.0 = Debug|Any CPU
		{F93E4588-82A5-467F-84CC-885DE0B8AE91}.Release|Any CPU.ActiveCfg = Release|Any CPU
		{F93E4588-82A5-467F-84CC-885DE0B8AE91}.Release|Any CPU.Build.0 = Release|Any CPU
		{C0C8717E-09AD-4A2B-B84B-752297E93F52}.Debug|Any CPU.ActiveCfg = Debug|Any CPU
		{C0C8717E-09AD-4A2B-B84B-752297E93F52}.Debug|Any CPU.Build.0 = Debug|Any CPU
		{C0C8717E-09AD-4A2B-B84B-752297E93F52}.Release|Any CPU.ActiveCfg = Release|Any CPU
		{C0C8717E-09AD-4A2B-B84B-752297E93F52}.Release|Any CPU.Build.0 = Release|Any CPU
		{F70A8963-22E9-4C46-B93A-1A15775BE12C}.Debug|Any CPU.ActiveCfg = Debug|Any CPU
		{F70A8963-22E9-4C46-B93A-1A15775BE12C}.Debug|Any CPU.Build.0 = Debug|Any CPU
		{F70A8963-22E9-4C46-B93A-1A15775BE12C}.Release|Any CPU.ActiveCfg = Release|Any CPU
		{F70A8963-22E9-4C46-B93A-1A15775BE12C}.Release|Any CPU.Build.0 = Release|Any CPU
		{69009C57-6BDA-4603-82B6-5DE2477EA21D}.Debug|Any CPU.ActiveCfg = Debug|Any CPU
		{69009C57-6BDA-4603-82B6-5DE2477EA21D}.Debug|Any CPU.Build.0 = Debug|Any CPU
		{69009C57-6BDA-4603-82B6-5DE2477EA21D}.Release|Any CPU.ActiveCfg = Release|Any CPU
		{69009C57-6BDA-4603-82B6-5DE2477EA21D}.Release|Any CPU.Build.0 = Release|Any CPU
		{F8F4241B-1196-40A5-AD61-ADE636D2A947}.Debug|Any CPU.ActiveCfg = Debug|Any CPU
		{F8F4241B-1196-40A5-AD61-ADE636D2A947}.Debug|Any CPU.Build.0 = Debug|Any CPU
		{F8F4241B-1196-40A5-AD61-ADE636D2A947}.Release|Any CPU.ActiveCfg = Release|Any CPU
		{F8F4241B-1196-40A5-AD61-ADE636D2A947}.Release|Any CPU.Build.0 = Release|Any CPU
		{A8BFCBB7-0A7B-4A1A-B3A6-8A69D26E6751}.Debug|Any CPU.ActiveCfg = Debug|Any CPU
		{A8BFCBB7-0A7B-4A1A-B3A6-8A69D26E6751}.Debug|Any CPU.Build.0 = Debug|Any CPU
		{A8BFCBB7-0A7B-4A1A-B3A6-8A69D26E6751}.Release|Any CPU.ActiveCfg = Release|Any CPU
		{A8BFCBB7-0A7B-4A1A-B3A6-8A69D26E6751}.Release|Any CPU.Build.0 = Release|Any CPU
		{4211A1BB-9917-4325-8F51-157FC084DE1F}.Debug|Any CPU.ActiveCfg = Debug|Any CPU
		{4211A1BB-9917-4325-8F51-157FC084DE1F}.Debug|Any CPU.Build.0 = Debug|Any CPU
		{4211A1BB-9917-4325-8F51-157FC084DE1F}.Release|Any CPU.ActiveCfg = Release|Any CPU
		{4211A1BB-9917-4325-8F51-157FC084DE1F}.Release|Any CPU.Build.0 = Release|Any CPU
		{0F3CC349-7F65-47EB-8356-EFA9E3342003}.Debug|Any CPU.ActiveCfg = Debug|Any CPU
		{0F3CC349-7F65-47EB-8356-EFA9E3342003}.Debug|Any CPU.Build.0 = Debug|Any CPU
		{0F3CC349-7F65-47EB-8356-EFA9E3342003}.Release|Any CPU.ActiveCfg = Release|Any CPU
		{0F3CC349-7F65-47EB-8356-EFA9E3342003}.Release|Any CPU.Build.0 = Release|Any CPU
		{C4ED9B78-7CAB-4B23-9734-1FECE8F286BA}.Debug|Any CPU.ActiveCfg = Debug|Any CPU
		{C4ED9B78-7CAB-4B23-9734-1FECE8F286BA}.Debug|Any CPU.Build.0 = Debug|Any CPU
		{C4ED9B78-7CAB-4B23-9734-1FECE8F286BA}.Release|Any CPU.ActiveCfg = Release|Any CPU
		{C4ED9B78-7CAB-4B23-9734-1FECE8F286BA}.Release|Any CPU.Build.0 = Release|Any CPU
		{6FEE3223-867C-4D12-8F5C-D5AE08E5EC94}.Debug|Any CPU.ActiveCfg = Debug|Any CPU
		{6FEE3223-867C-4D12-8F5C-D5AE08E5EC94}.Debug|Any CPU.Build.0 = Debug|Any CPU
		{6FEE3223-867C-4D12-8F5C-D5AE08E5EC94}.Release|Any CPU.ActiveCfg = Release|Any CPU
		{6FEE3223-867C-4D12-8F5C-D5AE08E5EC94}.Release|Any CPU.Build.0 = Release|Any CPU
		{D1C12F32-C258-4B92-9DF3-CA2C2DF82231}.Debug|Any CPU.ActiveCfg = Debug|Any CPU
		{D1C12F32-C258-4B92-9DF3-CA2C2DF82231}.Debug|Any CPU.Build.0 = Debug|Any CPU
		{D1C12F32-C258-4B92-9DF3-CA2C2DF82231}.Release|Any CPU.ActiveCfg = Release|Any CPU
		{D1C12F32-C258-4B92-9DF3-CA2C2DF82231}.Release|Any CPU.Build.0 = Release|Any CPU
		{1C76990B-DF10-4566-8376-AEFF545500C6}.Debug|Any CPU.ActiveCfg = Debug|Any CPU
		{1C76990B-DF10-4566-8376-AEFF545500C6}.Debug|Any CPU.Build.0 = Debug|Any CPU
		{1C76990B-DF10-4566-8376-AEFF545500C6}.Release|Any CPU.ActiveCfg = Release|Any CPU
		{1C76990B-DF10-4566-8376-AEFF545500C6}.Release|Any CPU.Build.0 = Release|Any CPU
	EndGlobalSection
	GlobalSection(SolutionProperties) = preSolution
		HideSolutionNode = FALSE
	EndGlobalSection
EndGlobal
